<?xml version="1.0" encoding="UTF-8"?>
<Scheme version = "1.3">
	<LaunchAction
		useCustomWorkingDirectory = "YES"
		customWorkingDirectory = "$(PROJECT_DIR)">
		<BuildableProductRunnable>
			<BuildableReference
				BuildableIdentifier = "primary"
				BlueprintIdentifier = "6D4A66CD03FADC74DE5000DA"
				BuildableName = "main.x64"
				BlueprintName = "main.x64"
				ReferencedContainer = "container:reflection.xcodeproj"/>
		</BuildableProductRunnable>
	</LaunchAction>
</Scheme>
