<?xml version="1.0" encoding="UTF-8"?>
<Scheme version = "1.3">
	<LaunchAction
		useCustomWorkingDirectory = "YES"
		customWorkingDirectory = "$(PROJECT_DIR)">
		<BuildableProductRunnable>
			<BuildableReference
				BuildableIdentifier = "primary"
				BlueprintIdentifier = "6B467851751610B1290000DA"
				BuildableName = "main.exe.x64"
				BlueprintName = "main.exe.x64"
				ReferencedContainer = "container:csharp.xcodeproj"/>
		</BuildableProductRunnable>
	</LaunchAction>
</Scheme>
