<?xml version="1.0" encoding="UTF-8"?>
<Scheme version = "1.3">
	<LaunchAction
		useCustomWorkingDirectory = "YES"
		customWorkingDirectory = "$(PROJECT_DIR)">
		<BuildableProductRunnable>
			<BuildableReference
				BuildableIdentifier = "primary"
				BlueprintIdentifier = "63D7E9B397C8D4E882A000DA"
				BuildableName = "main.exe.arm64"
				BlueprintName = "main.exe.arm64"
				ReferencedContainer = "container:csharp.xcodeproj"/>
		</BuildableProductRunnable>
	</LaunchAction>
</Scheme>
