<?xml version="1.0" encoding="UTF-8"?>
<Scheme version = "1.3">
	<LaunchAction
		useCustomWorkingDirectory = "YES"
		customWorkingDirectory = "$(PROJECT_DIR)">
		<BuildableProductRunnable>
			<BuildableReference
				BuildableIdentifier = "primary"
				BlueprintIdentifier = "6B9A184AE35D83C5DB3000DA"
				BuildableName = "project.arm64"
				BlueprintName = "project.arm64"
				ReferencedContainer = "container:project.xcodeproj"/>
		</BuildableProductRunnable>
	</LaunchAction>
</Scheme>
