<?xml version="1.0" encoding="UTF-8"?>
<Scheme version = "1.3">
	<LaunchAction
		useCustomWorkingDirectory = "YES"
		customWorkingDirectory = "$(PROJECT_DIR)">
		<BuildableProductRunnable>
			<BuildableReference
				BuildableIdentifier = "primary"
				BlueprintIdentifier = "66E41D9DDE357FAAAB9000DA"
				BuildableName = "project.x64"
				BlueprintName = "project.x64"
				ReferencedContainer = "container:project.xcodeproj"/>
		</BuildableProductRunnable>
	</LaunchAction>
</Scheme>
