<?xml version="1.0" encoding="UTF-8"?>
<Scheme version = "1.3">
	<LaunchAction
		useCustomWorkingDirectory = "YES"
		customWorkingDirectory = "$(PROJECT_DIR)"
		enableGPUValidationMode = "1">
		<BuildableProductRunnable>
			<BuildableReference
				BuildableIdentifier = "primary"
				BlueprintIdentifier = "666453B90869239B3EB000BA"
				BuildableName = "tsGraphicsGeometry"
				BlueprintName = "tsGraphicsGeometry"
				ReferencedContainer = "container:geometry_tvos.xcodeproj"/>
		</BuildableProductRunnable>
	</LaunchAction>
</Scheme>
