<?xml version="1.0" encoding="UTF-8"?>
<Scheme version = "1.3">
	<LaunchAction
		useCustomWorkingDirectory = "YES"
		customWorkingDirectory = "$(PROJECT_DIR)">
		<BuildableProductRunnable>
			<BuildableReference
				BuildableIdentifier = "primary"
				BlueprintIdentifier = "67DB93B628D2786F4840009A"
				BuildableName = "main.x64"
				BlueprintName = "main.x64"
				ReferencedContainer = "container:samplers.xcodeproj"/>
		</BuildableProductRunnable>
	</LaunchAction>
</Scheme>
