<?xml version="1.0" encoding="UTF-8"?>
<Scheme version = "1.3">
	<LaunchAction
		useCustomWorkingDirectory = "YES"
		customWorkingDirectory = "$(PROJECT_DIR)">
		<BuildableProductRunnable>
			<BuildableReference
				BuildableIdentifier = "primary"
				BlueprintIdentifier = "6A0AE3508AE424E23F9000BA"
				BuildableName = "image.arm64"
				BlueprintName = "image.arm64"
				ReferencedContainer = "container:image.xcodeproj"/>
		</BuildableProductRunnable>
	</LaunchAction>
</Scheme>
