<?xml version="1.0" encoding="UTF-8"?>
<Scheme version = "1.3">
	<LaunchAction
		useCustomWorkingDirectory = "YES"
		customWorkingDirectory = "$(PROJECT_DIR)">
		<BuildableProductRunnable>
			<BuildableReference
				BuildableIdentifier = "primary"
				BlueprintIdentifier = "6CA186D39D9976EE13F000BA"
				BuildableName = "image.x64"
				BlueprintName = "image.x64"
				ReferencedContainer = "container:image.xcodeproj"/>
		</BuildableProductRunnable>
	</LaunchAction>
</Scheme>
