<?xml version="1.0" encoding="UTF-8"?>
<Scheme version = "1.3">
	<LaunchAction
		useCustomWorkingDirectory = "YES"
		customWorkingDirectory = "$(PROJECT_DIR)">
		<BuildableProductRunnable>
			<BuildableReference
				BuildableIdentifier = "primary"
				BlueprintIdentifier = "6E203A858D04763D2870009A"
				BuildableName = "blob.x64"
				BlueprintName = "blob.x64"
				ReferencedContainer = "container:blob.xcodeproj"/>
		</BuildableProductRunnable>
	</LaunchAction>
</Scheme>
