<?xml version="1.0" encoding="UTF-8"?>
<Scheme version = "1.3">
	<LaunchAction
		useCustomWorkingDirectory = "YES"
		customWorkingDirectory = "$(PROJECT_DIR)">
		<BuildableProductRunnable>
			<BuildableReference
				BuildableIdentifier = "primary"
				BlueprintIdentifier = "6A421D023439D6F30F20009A"
				BuildableName = "blob.arm64"
				BlueprintName = "blob.arm64"
				ReferencedContainer = "container:blob.xcodeproj"/>
		</BuildableProductRunnable>
	</LaunchAction>
</Scheme>
