<?xml version="1.0" encoding="UTF-8"?>
<Scheme version = "1.3">
	<LaunchAction
		useCustomWorkingDirectory = "YES"
		customWorkingDirectory = "$(PROJECT_DIR)">
		<BuildableProductRunnable>
			<BuildableReference
				BuildableIdentifier = "primary"
				BlueprintIdentifier = "664102A6F754588B9BB0009A"
				BuildableName = "main.x64"
				BlueprintName = "main.x64"
				ReferencedContainer = "container:morph.xcodeproj"/>
		</BuildableProductRunnable>
	</LaunchAction>
</Scheme>
