<?xml version="1.0" encoding="UTF-8"?>
<Scheme version = "1.3">
	<LaunchAction
		useCustomWorkingDirectory = "YES"
		customWorkingDirectory = "$(PROJECT_DIR)"
		enableGPUValidationMode = "1">
		<BuildableProductRunnable>
			<BuildableReference
				BuildableIdentifier = "primary"
				BlueprintIdentifier = "6558E2E2CD8A3F339BB0011A"
				BuildableName = "tsGraphicsSkinnedTracing"
				BlueprintName = "tsGraphicsSkinnedTracing"
				ReferencedContainer = "container:skinned_tracing_tvos.xcodeproj"/>
		</BuildableProductRunnable>
	</LaunchAction>
</Scheme>
