<?xml version="1.0" encoding="UTF-8"?>
<Scheme version = "1.3">
	<LaunchAction
		useCustomWorkingDirectory = "YES"
		customWorkingDirectory = "$(PROJECT_DIR)">
		<BuildableProductRunnable>
			<BuildableReference
				BuildableIdentifier = "primary"
				BlueprintIdentifier = "6B96DC6E52B48AC49330009A"
				BuildableName = "main.arm64"
				BlueprintName = "main.arm64"
				ReferencedContainer = "container:tensor_mnist.xcodeproj"/>
		</BuildableProductRunnable>
	</LaunchAction>
</Scheme>
