<?xml version="1.0" encoding="UTF-8"?>
<Scheme version = "1.3">
	<LaunchAction
		useCustomWorkingDirectory = "YES"
		customWorkingDirectory = "$(PROJECT_DIR)"
		enableGPUValidationMode = "1">
		<BuildableProductRunnable>
			<BuildableReference
				BuildableIdentifier = "primary"
				BlueprintIdentifier = "612E6A4D9924F297724000BA"
				BuildableName = "tsPlatformClipping"
				BlueprintName = "tsPlatformClipping"
				ReferencedContainer = "container:clipping_tvos.xcodeproj"/>
		</BuildableProductRunnable>
	</LaunchAction>
</Scheme>
