<?xml version="1.0" encoding="UTF-8"?>
<Scheme version = "1.3">
	<LaunchAction
		useCustomWorkingDirectory = "YES"
		customWorkingDirectory = "$(PROJECT_DIR)">
		<BuildableProductRunnable>
			<BuildableReference
				BuildableIdentifier = "primary"
				BlueprintIdentifier = "64DEF90C25C7E8D7923000BA"
				BuildableName = "noise.x64"
				BlueprintName = "noise.x64"
				ReferencedContainer = "container:noise.xcodeproj"/>
		</BuildableProductRunnable>
	</LaunchAction>
</Scheme>
