<?xml version="1.0" encoding="UTF-8"?>
<Scheme version = "1.3">
	<LaunchAction
		useCustomWorkingDirectory = "YES"
		customWorkingDirectory = "$(PROJECT_DIR)"
		enableGPUValidationMode = "1">
		<BuildableProductRunnable>
			<BuildableReference
				BuildableIdentifier = "primary"
				BlueprintIdentifier = "6572BEF34BB9E3DC9A4000BA"
				BuildableName = "tsPlatformViewports"
				BlueprintName = "tsPlatformViewports"
				ReferencedContainer = "container:viewports_tvos.xcodeproj"/>
		</BuildableProductRunnable>
	</LaunchAction>
</Scheme>
