<?xml version="1.0" encoding="UTF-8"?>
<Scheme version = "1.3">
	<LaunchAction
		useCustomWorkingDirectory = "YES"
		customWorkingDirectory = "$(PROJECT_DIR)">
		<BuildableProductRunnable>
			<BuildableReference
				BuildableIdentifier = "primary"
				BlueprintIdentifier = "6A8942B30D25860A4D00009A"
				BuildableName = "main.arm64"
				BlueprintName = "main.arm64"
				ReferencedContainer = "container:05_hello_tracing.xcodeproj"/>
		</BuildableProductRunnable>
	</LaunchAction>
</Scheme>
