<?xml version="1.0" encoding="UTF-8"?>
<Scheme version = "1.3">
	<LaunchAction
		useCustomWorkingDirectory = "YES"
		customWorkingDirectory = "$(PROJECT_DIR)"
		enableGPUValidationMode = "1">
		<BuildableProductRunnable>
			<BuildableReference
				BuildableIdentifier = "primary"
				BlueprintIdentifier = "6EC7AA0E5AD2AC40150000DA"
				BuildableName = "tsInterfaceImGui"
				BlueprintName = "tsInterfaceImGui"
				ReferencedContainer = "container:imgui_ios.xcodeproj"/>
		</BuildableProductRunnable>
	</LaunchAction>
</Scheme>
