{
	archiveVersion = 1;
	classes = { };
	objectVersion = 45;
	objects = {
		64E965A944999F6689F0000A = { isa = PBXBuildFile; fileRef = 64E965A944999F6689F0001A; };
		64E965A944999F6689F0001A = { isa = PBXFileReference; path = main.cpp; sourceTree = "<group>"; };
		64E965A944999F6689F0002A = { isa = PBXBuildFile; fileRef = 64E965A944999F6689F0003A; settings = { ATTRIBUTES = ("--decompress"); }; };
		64E965A944999F6689F0003A = { isa = PBXFileReference; path = texture.png; sourceTree = "<group>"; };
		64E965A944999F6689F000AA = { isa = PBXFileReference; explicitFileType = wrapper.application; includeInIndex = 0; path = "tsGraphicsEncoderBC67.app"; sourceTree = BUILT_PRODUCTS_DIR; };
		64E965A944999F6689F0008A = {
			isa = PBXGroup;
			children = (
				64E965A944999F6689F0001A,
				64E965A944999F6689F0003A,
				64E965A944999F6689F0009A,
			);
			sourceTree = "<group>";
		};
		64E965A944999F6689F0009A = {
			isa = PBXGroup;
			children = (
				64E965A944999F6689F000AA,
			);
			name = Products;
			sourceTree = "<group>";
		};
		64E965A944999F6689F000BA = {
			isa = PBXNativeTarget;
			buildConfigurationList = 64E965A944999F6689F000CA;
			buildPhases = (
				64E965A944999F6689F000FA,
				64E965A944999F6689F0010A,
			);
			buildRules = ( );
			dependencies = ( );
			name = "tsGraphicsEncoderBC67";
			productName = "tsGraphicsEncoderBC67";
			productReference = 64E965A944999F6689F000AA;
			productType = "com.apple.product-type.application";
		};
		64E965A944999F6689F0004A = {
			isa = PBXProject;
			attributes = { BuildIndependentTargetsInParallel = YES; };
			buildConfigurationList = 64E965A944999F6689F0005A;
			compatibilityVersion = "Xcode 14.0";
			developmentRegion = en;
			hasScannedForEncodings = 0;
			knownRegions = ( en, Base );
			mainGroup = 64E965A944999F6689F0008A;
			productRefGroup = 64E965A944999F6689F0009A;
			projectDirPath = "";
			projectRoot = "";
			targets = (
				64E965A944999F6689F000BA,
			);
		};
		64E965A944999F6689F000FA = {
			isa = PBXSourcesBuildPhase;
			buildActionMask = 2147483647;
			files = (
				64E965A944999F6689F0000A,
			);
			runOnlyForDeploymentPostprocessing = 0;
		};
		64E965A944999F6689F0010A = {
			isa = PBXResourcesBuildPhase;
			buildActionMask = 2147483647;
			files = (
				64E965A944999F6689F0002A,
			);
			runOnlyForDeploymentPostprocessing = 0;
		};
		64E965A944999F6689F0006A = {
			isa = XCBuildConfiguration;
			buildSettings = {
				ALWAYS_SEARCH_USER_PATHS = NO;
				IPHONEOS_DEPLOYMENT_TARGET = 16.0;
				HEADER_SEARCH_PATHS = (
					"$(PROJECT_DIR)/../../../include",
					"$(PROJECT_DIR)/../../../plugins",
					"$(PROJECT_DIR)/../../../samples",
				);
				GCC_PREPROCESSOR_DEFINITIONS = (
					"_IOS=1",
					"DEBUG=1",
					"TS_DEBUG=1",
					"$(inherited)",
				);
				ENABLE_TESTABILITY = YES;
				ENABLE_STRICT_OBJC_MSGSEND = YES;
				ENABLE_USER_SCRIPT_SANDBOXING = YES;
				CLANG_ANALYZER_NONNULL = YES;
				CLANG_ANALYZER_NUMBER_OBJECT_CONVERSION = YES_AGGRESSIVE;
				CLANG_CXX_LANGUAGE_STANDARD = "gnu++11";
				CLANG_CXX_LIBRARY = "libc++";
				CLANG_ENABLE_OBJC_ARC = YES;
				CLANG_ENABLE_OBJC_WEAK = YES;
				CLANG_WARN_BLOCK_CAPTURE_AUTORELEASING = YES;
				CLANG_WARN_BOOL_CONVERSION = YES;
				CLANG_WARN_COMMA = YES;
				CLANG_WARN_CONSTANT_CONVERSION = YES;
				CLANG_WARN_DEPRECATED_OBJC_IMPLEMENTATIONS = YES;
				CLANG_WARN_DIRECT_OBJC_ISA_USAGE = YES_ERROR;
				CLANG_WARN_DOCUMENTATION_COMMENTS = NO;
				CLANG_WARN_EMPTY_BODY = YES;
				CLANG_WARN_ENUM_CONVERSION = YES;
				CLANG_WARN_INFINITE_RECURSION = YES;
				CLANG_WARN_INT_CONVERSION = YES;
				CLANG_WARN_NON_LITERAL_NULL_CONVERSION = YES;
				CLANG_WARN_OBJC_IMPLICIT_RETAIN_SELF = YES;
				CLANG_WARN_OBJC_LITERAL_CONVERSION = YES;
				CLANG_WARN_OBJC_ROOT_CLASS = YES_ERROR;
				CLANG_WARN_QUOTED_INCLUDE_IN_FRAMEWORK_HEADER = YES;
				CLANG_WARN_RANGE_LOOP_ANALYSIS = YES;
				CLANG_WARN_STRICT_PROTOTYPES = YES;
				CLANG_WARN_SUSPICIOUS_MOVE = YES;
				CLANG_WARN_UNGUARDED_AVAILABILITY = YES_AGGRESSIVE;
				CLANG_WARN_UNREACHABLE_CODE = YES;
				CLANG_WARN__DUPLICATE_METHOD_MATCH = YES;
				GCC_C_LANGUAGE_STANDARD = gnu11;
				GCC_INPUT_FILETYPE = automatic;
				GCC_DYNAMIC_NO_PIC = NO;
				GCC_NO_COMMON_BLOCKS = YES;
				GCC_OPTIMIZATION_LEVEL = 0;
				GCC_WARN_64_TO_32_BIT_CONVERSION = YES;
				GCC_WARN_ABOUT_RETURN_TYPE = YES_ERROR;
				GCC_WARN_UNDECLARED_SELECTOR = YES;
				GCC_WARN_UNINITIALIZED_AUTOS = YES_AGGRESSIVE;
				GCC_WARN_UNUSED_FUNCTION = YES;
				GCC_WARN_UNUSED_VARIABLE = YES;
				DEBUG_INFORMATION_FORMAT = dwarf;
				DEAD_CODE_STRIPPING = YES;
				ONLY_ACTIVE_ARCH = YES;
				SDKROOT = iphoneos;
			};
			name = Debug;
		};
		64E965A944999F6689F0007A = {
			isa = XCBuildConfiguration;
			buildSettings = {
				ALWAYS_SEARCH_USER_PATHS = NO;
				IPHONEOS_DEPLOYMENT_TARGET = 16.0;
				HEADER_SEARCH_PATHS = (
					"$(PROJECT_DIR)/../../../include",
					"$(PROJECT_DIR)/../../../plugins",
					"$(PROJECT_DIR)/../../../samples",
				);
				GCC_PREPROCESSOR_DEFINITIONS = (
					"_IOS=1",
					"NDEBUG=1",
					"$(inherited)",
				);
				ENABLE_TESTABILITY = YES;
				ENABLE_STRICT_OBJC_MSGSEND = YES;
				ENABLE_USER_SCRIPT_SANDBOXING = YES;
				DEBUG_INFORMATION_FORMAT = "dwarf-with-dsym";
				CLANG_ANALYZER_NONNULL = YES;
				CLANG_ANALYZER_NUMBER_OBJECT_CONVERSION = YES_AGGRESSIVE;
				CLANG_CXX_LANGUAGE_STANDARD = "gnu++11";
				CLANG_CXX_LIBRARY = "libc++";
				CLANG_ENABLE_OBJC_ARC = YES;
				CLANG_ENABLE_OBJC_WEAK = YES;
				CLANG_WARN_BLOCK_CAPTURE_AUTORELEASING = YES;
				CLANG_WARN_BOOL_CONVERSION = YES;
				CLANG_WARN_COMMA = YES;
				CLANG_WARN_CONSTANT_CONVERSION = YES;
				CLANG_WARN_DEPRECATED_OBJC_IMPLEMENTATIONS = YES;
				CLANG_WARN_DIRECT_OBJC_ISA_USAGE = YES_ERROR;
				CLANG_WARN_DOCUMENTATION_COMMENTS = NO;
				CLANG_WARN_EMPTY_BODY = YES;
				CLANG_WARN_ENUM_CONVERSION = YES;
				CLANG_WARN_INFINITE_RECURSION = YES;
				CLANG_WARN_INT_CONVERSION = YES;
				CLANG_WARN_NON_LITERAL_NULL_CONVERSION = YES;
				CLANG_WARN_OBJC_IMPLICIT_RETAIN_SELF = YES;
				CLANG_WARN_OBJC_LITERAL_CONVERSION = YES;
				CLANG_WARN_OBJC_ROOT_CLASS = YES_ERROR;
				CLANG_WARN_QUOTED_INCLUDE_IN_FRAMEWORK_HEADER = YES;
				CLANG_WARN_RANGE_LOOP_ANALYSIS = YES;
				CLANG_WARN_STRICT_PROTOTYPES = YES;
				CLANG_WARN_SUSPICIOUS_MOVE = YES;
				CLANG_WARN_UNGUARDED_AVAILABILITY = YES_AGGRESSIVE;
				CLANG_WARN_UNREACHABLE_CODE = YES;
				CLANG_WARN__DUPLICATE_METHOD_MATCH = YES;
				GCC_C_LANGUAGE_STANDARD = gnu11;
				GCC_INPUT_FILETYPE = automatic;
				GCC_NO_COMMON_BLOCKS = YES;
				GCC_WARN_64_TO_32_BIT_CONVERSION = YES;
				GCC_WARN_ABOUT_RETURN_TYPE = YES_ERROR;
				GCC_WARN_UNDECLARED_SELECTOR = YES;
				GCC_WARN_UNINITIALIZED_AUTOS = YES_AGGRESSIVE;
				GCC_WARN_UNUSED_FUNCTION = YES;
				GCC_WARN_UNUSED_VARIABLE = YES;
				DEAD_CODE_STRIPPING = YES;
				ONLY_ACTIVE_ARCH = YES;
				SDKROOT = iphoneos;
			};
			name = Release;
		};
		64E965A944999F6689F000DA = {
			isa = XCBuildConfiguration;
			buildSettings = {
				PRODUCT_NAME = "tsGraphicsEncoderBC67";
				PRODUCT_BUNDLE_IDENTIFIER = com.tellusim.tsGraphicsEncoderBC67;
				GENERATE_INFOPLIST_FILE = YES;
				INFOPLIST_KEY_UIRequiredDeviceCapabilities = metal;
				INFOPLIST_KEY_UIStatusBarHidden = YES;
				INFOPLIST_KEY_UIRequiresFullScreen = YES;
				INFOPLIST_KEY_UILaunchStoryboardName = Default;
				INFOPLIST_KEY_UISupportedInterfaceOrientations_iPad = "UIInterfaceOrientationLandscapeLeft UIInterfaceOrientationLandscapeRight";
				INFOPLIST_KEY_UISupportedInterfaceOrientations_iPhone = "UIInterfaceOrientationLandscapeLeft UIInterfaceOrientationLandscapeRight";
				LIBRARY_SEARCH_PATHS = (
					"$(PROJECT_DIR)/../../../lib/ios/arm64",
				);
				OTHER_CPLUSPLUSFLAGS = (
					"-fobjc-arc",
					"$(OTHER_CFLAGS)",
				);
				OTHER_LDFLAGS = (
					"-Wl,-e,_clay_main",
					"-lTellusim_arm64d",
					"-framework Foundation",
					"-framework QuartzCore",
					"-framework GameController",
					"-framework UIKit",
					"-framework Metal",
				);
				LD_RUNPATH_SEARCH_PATHS = (
					"@executable_path",
					"$(inherited)",
				);
				IPHONE_OPTIMIZE_OPTIONS = "-skip-PNGs";
				WARNING_CFLAGS = "-Wno-undefined-var-template";
				CODE_SIGN_STYLE = Manual;
				DEAD_CODE_STRIPPING = YES;
				DEVELOPMENT_TEAM = "";
				PROVISIONING_PROFILE_SPECIFIER = "";
				TARGETED_DEVICE_FAMILY = "1,2";
			};
			name = Debug;
		};
		64E965A944999F6689F000EA = {
			isa = XCBuildConfiguration;
			buildSettings = {
				PRODUCT_NAME = "tsGraphicsEncoderBC67";
				PRODUCT_BUNDLE_IDENTIFIER = com.tellusim.tsGraphicsEncoderBC67;
				GENERATE_INFOPLIST_FILE = YES;
				INFOPLIST_KEY_UIRequiredDeviceCapabilities = metal;
				INFOPLIST_KEY_UIStatusBarHidden = YES;
				INFOPLIST_KEY_UIRequiresFullScreen = YES;
				INFOPLIST_KEY_UILaunchStoryboardName = Default;
				INFOPLIST_KEY_UISupportedInterfaceOrientations_iPad = "UIInterfaceOrientationLandscapeLeft UIInterfaceOrientationLandscapeRight";
				INFOPLIST_KEY_UISupportedInterfaceOrientations_iPhone = "UIInterfaceOrientationLandscapeLeft UIInterfaceOrientationLandscapeRight";
				LIBRARY_SEARCH_PATHS = (
					"$(PROJECT_DIR)/../../../lib/ios/arm64",
				);
				OTHER_CPLUSPLUSFLAGS = (
					"-fobjc-arc",
					"$(OTHER_CFLAGS)",
				);
				OTHER_LDFLAGS = (
					"-Wl,-e,_clay_main",
					"-lTellusim_arm64",
					"-framework Foundation",
					"-framework QuartzCore",
					"-framework GameController",
					"-framework UIKit",
					"-framework Metal",
				);
				LD_RUNPATH_SEARCH_PATHS = (
					"@executable_path",
					"$(inherited)",
				);
				IPHONE_OPTIMIZE_OPTIONS = "-skip-PNGs";
				WARNING_CFLAGS = "-Wno-undefined-var-template";
				CODE_SIGN_STYLE = Manual;
				DEAD_CODE_STRIPPING = YES;
				DEVELOPMENT_TEAM = "";
				PROVISIONING_PROFILE_SPECIFIER = "";
				TARGETED_DEVICE_FAMILY = "1,2";
			};
			name = Release;
		};
		64E965A944999F6689F0005A = {
			isa = XCConfigurationList;
			buildConfigurations = (
				64E965A944999F6689F0006A,
				64E965A944999F6689F0007A,
			);
			defaultConfigurationIsVisible = 0;
			defaultConfigurationName = Release;
		};
		64E965A944999F6689F000CA = {
			isa = XCConfigurationList;
			buildConfigurations = (
				64E965A944999F6689F000DA,
				64E965A944999F6689F000EA,
			);
			defaultConfigurationIsVisible = 0;
			defaultConfigurationName = Release;
		};
	};
	rootObject = 64E965A944999F6689F0004A;
}
