<?xml version="1.0" encoding="UTF-8"?>
<Scheme version = "1.3">
	<LaunchAction
		useCustomWorkingDirectory = "YES"
		customWorkingDirectory = "$(PROJECT_DIR)">
		<BuildableProductRunnable>
			<BuildableReference
				BuildableIdentifier = "primary"
				BlueprintIdentifier = "6FF887C105D92F42DFB0009A"
				BuildableName = "shader.x64"
				BlueprintName = "shader.x64"
				ReferencedContainer = "container:shader.xcodeproj"/>
		</BuildableProductRunnable>
	</LaunchAction>
</Scheme>
