<?xml version="1.0" encoding="UTF-8"?>
<Scheme version = "1.3">
	<LaunchAction
		useCustomWorkingDirectory = "YES"
		customWorkingDirectory = "$(PROJECT_DIR)"
		enableGPUValidationMode = "1">
		<BuildableProductRunnable>
			<BuildableReference
				BuildableIdentifier = "primary"
				BlueprintIdentifier = "6F3DE92E32647BCC28D000DA"
				BuildableName = "tsGraphicsLights"
				BlueprintName = "tsGraphicsLights"
				ReferencedContainer = "container:lights_tvos.xcodeproj"/>
		</BuildableProductRunnable>
	</LaunchAction>
</Scheme>
