<?xml version="1.0" encoding="UTF-8"?>
<Scheme version = "1.3">
	<LaunchAction
		useCustomWorkingDirectory = "YES"
		customWorkingDirectory = "$(PROJECT_DIR)">
		<BuildableProductRunnable>
			<BuildableReference
				BuildableIdentifier = "primary"
				BlueprintIdentifier = "65C340CEF013850E3AB000BA"
				BuildableName = "main.x64"
				BlueprintName = "main.x64"
				ReferencedContainer = "container:config.xcodeproj"/>
		</BuildableProductRunnable>
	</LaunchAction>
</Scheme>
