<?xml version="1.0" encoding="UTF-8"?>
<Scheme version = "1.3">
	<LaunchAction
		useCustomWorkingDirectory = "YES"
		customWorkingDirectory = "$(PROJECT_DIR)">
		<BuildableProductRunnable>
			<BuildableReference
				BuildableIdentifier = "primary"
				BlueprintIdentifier = "6AB2F3F2C5152E4F0800009A"
				BuildableName = "main.x64"
				BlueprintName = "main.x64"
				ReferencedContainer = "container:formats.xcodeproj"/>
		</BuildableProductRunnable>
	</LaunchAction>
</Scheme>
