<?xml version="1.0" encoding="UTF-8"?>
<Scheme version = "1.3">
	<LaunchAction
		useCustomWorkingDirectory = "YES"
		customWorkingDirectory = "$(PROJECT_DIR)"
		enableGPUValidationMode = "1">
		<BuildableProductRunnable>
			<BuildableReference
				BuildableIdentifier = "primary"
				BlueprintIdentifier = "64DAF59F0C7847BD6BC0013A"
				BuildableName = "tsGraphicsDecoderJPEG"
				BlueprintName = "tsGraphicsDecoderJPEG"
				ReferencedContainer = "container:decoder_jpeg_ios.xcodeproj"/>
		</BuildableProductRunnable>
	</LaunchAction>
</Scheme>
