<?xml version="1.0" encoding="UTF-8"?>
<Scheme version = "1.3">
	<LaunchAction
		useCustomWorkingDirectory = "YES"
		customWorkingDirectory = "$(PROJECT_DIR)">
		<BuildableProductRunnable>
			<BuildableReference
				BuildableIdentifier = "primary"
				BlueprintIdentifier = "6F173DF4C85B8BFD7CD0009A"
				BuildableName = "main.arm64"
				BlueprintName = "main.arm64"
				ReferencedContainer = "container:window.xcodeproj"/>
		</BuildableProductRunnable>
	</LaunchAction>
</Scheme>
