<?xml version="1.0" encoding="UTF-8"?>
<Scheme version = "1.3">
	<LaunchAction
		useCustomWorkingDirectory = "YES"
		customWorkingDirectory = "$(PROJECT_DIR)"
		enableGPUValidationMode = "1">
		<BuildableProductRunnable>
			<BuildableReference
				BuildableIdentifier = "primary"
				BlueprintIdentifier = "6AA5BCB81B5DB2DB74D000FA"
				BuildableName = "@$(ECHO) y "Making $(IPA).ipa"
@$(BUILD) $(IPA) $(ICON) $(ARCH) $(MAIN_TARGET) $(FRAMEWORK).framework $(ASSETS)"
				BlueprintName = "@$(ECHO) y "Making $(IPA).ipa"
@$(BUILD) $(IPA) $(ICON) $(ARCH) $(MAIN_TARGET) $(FRAMEWORK).framework $(ASSETS)"
				ReferencedContainer = "container:swift_tvos.xcodeproj"/>
		</BuildableProductRunnable>
	</LaunchAction>
</Scheme>
