{
	archiveVersion = 1;
	classes = { };
	objectVersion = 45;
	objects = {
		624087A38290895DA190000A = { isa = PBXBuildFile; fileRef = 624087A38290895DA190001A; };
		624087A38290895DA190001A = { isa = PBXFileReference; path = main.cpp; sourceTree = "<group>"; };
		624087A38290895DA190002A = { isa = PBXBuildFile; fileRef = 624087A38290895DA190003A; };
		624087A38290895DA190003A = { isa = PBXFileReference; path = Plugins.cpp; sourceTree = "<group>"; };
		624087A38290895DA190004A = { isa = PBXBuildFile; fileRef = 624087A38290895DA190005A; };
		624087A38290895DA190005A = { isa = PBXFileReference; path = source/TellusimControlFlow.cpp; sourceTree = "<group>"; };
		624087A38290895DA190006A = { isa = PBXBuildFile; fileRef = 624087A38290895DA190007A; };
		624087A38290895DA190007A = { isa = PBXFileReference; path = source/TellusimControlFlowCPP.cpp; sourceTree = "<group>"; };
		624087A38290895DA190008A = { isa = PBXBuildFile; fileRef = 624087A38290895DA190009A; };
		624087A38290895DA190009A = { isa = PBXFileReference; path = source/TellusimControlFlowGLSL.cpp; sourceTree = "<group>"; };
		624087A38290895DA19000AA = { isa = PBXBuildFile; fileRef = 624087A38290895DA19000BA; };
		624087A38290895DA19000BA = { isa = PBXFileReference; path = source/TellusimControlFlowMath.cpp; sourceTree = "<group>"; };
		624087A38290895DA190012A = { isa = PBXFileReference; explicitFileType = "compiled.mach-o.executable"; includeInIndex = 0; path = "main.arm64"; sourceTree = BUILT_PRODUCTS_DIR; };
		624087A38290895DA190010A = {
			isa = PBXGroup;
			children = (
				624087A38290895DA190001A,
				624087A38290895DA190003A,
				624087A38290895DA190005A,
				624087A38290895DA190007A,
				624087A38290895DA190009A,
				624087A38290895DA19000BA,
				624087A38290895DA190011A,
			);
			sourceTree = "<group>";
		};
		624087A38290895DA190011A = {
			isa = PBXGroup;
			children = (
				624087A38290895DA190012A,
			);
			name = Products;
			sourceTree = "<group>";
		};
		624087A38290895DA190013A = {
			isa = PBXNativeTarget;
			buildConfigurationList = 624087A38290895DA190014A;
			buildPhases = (
				624087A38290895DA190017A,
			);
			buildRules = ( );
			dependencies = ( );
			name = "main.arm64";
			productName = "main.arm64";
			productReference = 624087A38290895DA190012A;
			productType = "com.apple.product-type.tool";
		};
		624087A38290895DA19000CA = {
			isa = PBXProject;
			attributes = { BuildIndependentTargetsInParallel = YES; };
			buildConfigurationList = 624087A38290895DA19000DA;
			compatibilityVersion = "Xcode 14.0";
			developmentRegion = en;
			hasScannedForEncodings = 0;
			knownRegions = ( en, Base );
			mainGroup = 624087A38290895DA190010A;
			productRefGroup = 624087A38290895DA190011A;
			projectDirPath = "";
			projectRoot = "";
			targets = (
				624087A38290895DA190013A,
			);
		};
		624087A38290895DA190017A = {
			isa = PBXSourcesBuildPhase;
			buildActionMask = 2147483647;
			files = (
				624087A38290895DA190000A,
				624087A38290895DA190002A,
				624087A38290895DA190004A,
				624087A38290895DA190006A,
				624087A38290895DA190008A,
				624087A38290895DA19000AA,
			);
			runOnlyForDeploymentPostprocessing = 0;
		};
		624087A38290895DA19000EA = {
			isa = XCBuildConfiguration;
			buildSettings = {
				ALWAYS_SEARCH_USER_PATHS = NO;
				MACOSX_DEPLOYMENT_TARGET = 13.0;
				HEADER_SEARCH_PATHS = (
					"$(PROJECT_DIR)/../../../include",
					"$(PROJECT_DIR)/../../../plugins",
					"$(PROJECT_DIR)/../../../samples",
				);
				GCC_PREPROCESSOR_DEFINITIONS = (
					"_MACOS=1",
					"DEBUG=1",
					"TS_DEBUG=1",
					"$(inherited)",
				);
				ENABLE_TESTABILITY = YES;
				ENABLE_STRICT_OBJC_MSGSEND = YES;
				ENABLE_USER_SCRIPT_SANDBOXING = YES;
				CLANG_ANALYZER_NONNULL = YES;
				CLANG_ANALYZER_NUMBER_OBJECT_CONVERSION = YES_AGGRESSIVE;
				CLANG_CXX_LANGUAGE_STANDARD = "gnu++11";
				CLANG_CXX_LIBRARY = "libc++";
				CLANG_ENABLE_OBJC_ARC = YES;
				CLANG_ENABLE_OBJC_WEAK = YES;
				CLANG_WARN_BLOCK_CAPTURE_AUTORELEASING = YES;
				CLANG_WARN_BOOL_CONVERSION = YES;
				CLANG_WARN_COMMA = YES;
				CLANG_WARN_CONSTANT_CONVERSION = YES;
				CLANG_WARN_DEPRECATED_OBJC_IMPLEMENTATIONS = YES;
				CLANG_WARN_DIRECT_OBJC_ISA_USAGE = YES_ERROR;
				CLANG_WARN_DOCUMENTATION_COMMENTS = NO;
				CLANG_WARN_EMPTY_BODY = YES;
				CLANG_WARN_ENUM_CONVERSION = YES;
				CLANG_WARN_INFINITE_RECURSION = YES;
				CLANG_WARN_INT_CONVERSION = YES;
				CLANG_WARN_NON_LITERAL_NULL_CONVERSION = YES;
				CLANG_WARN_OBJC_IMPLICIT_RETAIN_SELF = YES;
				CLANG_WARN_OBJC_LITERAL_CONVERSION = YES;
				CLANG_WARN_OBJC_ROOT_CLASS = YES_ERROR;
				CLANG_WARN_QUOTED_INCLUDE_IN_FRAMEWORK_HEADER = YES;
				CLANG_WARN_RANGE_LOOP_ANALYSIS = YES;
				CLANG_WARN_STRICT_PROTOTYPES = YES;
				CLANG_WARN_SUSPICIOUS_MOVE = YES;
				CLANG_WARN_UNGUARDED_AVAILABILITY = YES_AGGRESSIVE;
				CLANG_WARN_UNREACHABLE_CODE = YES;
				CLANG_WARN__DUPLICATE_METHOD_MATCH = YES;
				GCC_C_LANGUAGE_STANDARD = gnu11;
				GCC_INPUT_FILETYPE = automatic;
				GCC_DYNAMIC_NO_PIC = NO;
				GCC_NO_COMMON_BLOCKS = YES;
				GCC_OPTIMIZATION_LEVEL = 0;
				GCC_WARN_64_TO_32_BIT_CONVERSION = YES;
				GCC_WARN_ABOUT_RETURN_TYPE = YES_ERROR;
				GCC_WARN_UNDECLARED_SELECTOR = YES;
				GCC_WARN_UNINITIALIZED_AUTOS = YES_AGGRESSIVE;
				GCC_WARN_UNUSED_FUNCTION = YES;
				GCC_WARN_UNUSED_VARIABLE = YES;
				DEBUG_INFORMATION_FORMAT = dwarf;
				DEAD_CODE_STRIPPING = YES;
				ONLY_ACTIVE_ARCH = YES;
				SDKROOT = macosx;
			};
			name = Debug;
		};
		624087A38290895DA19000FA = {
			isa = XCBuildConfiguration;
			buildSettings = {
				ALWAYS_SEARCH_USER_PATHS = NO;
				MACOSX_DEPLOYMENT_TARGET = 13.0;
				HEADER_SEARCH_PATHS = (
					"$(PROJECT_DIR)/../../../include",
					"$(PROJECT_DIR)/../../../plugins",
					"$(PROJECT_DIR)/../../../samples",
				);
				GCC_PREPROCESSOR_DEFINITIONS = (
					"_MACOS=1",
					"NDEBUG=1",
					"$(inherited)",
				);
				ENABLE_TESTABILITY = YES;
				ENABLE_STRICT_OBJC_MSGSEND = YES;
				ENABLE_USER_SCRIPT_SANDBOXING = YES;
				DEBUG_INFORMATION_FORMAT = "dwarf-with-dsym";
				CLANG_ANALYZER_NONNULL = YES;
				CLANG_ANALYZER_NUMBER_OBJECT_CONVERSION = YES_AGGRESSIVE;
				CLANG_CXX_LANGUAGE_STANDARD = "gnu++11";
				CLANG_CXX_LIBRARY = "libc++";
				CLANG_ENABLE_OBJC_ARC = YES;
				CLANG_ENABLE_OBJC_WEAK = YES;
				CLANG_WARN_BLOCK_CAPTURE_AUTORELEASING = YES;
				CLANG_WARN_BOOL_CONVERSION = YES;
				CLANG_WARN_COMMA = YES;
				CLANG_WARN_CONSTANT_CONVERSION = YES;
				CLANG_WARN_DEPRECATED_OBJC_IMPLEMENTATIONS = YES;
				CLANG_WARN_DIRECT_OBJC_ISA_USAGE = YES_ERROR;
				CLANG_WARN_DOCUMENTATION_COMMENTS = NO;
				CLANG_WARN_EMPTY_BODY = YES;
				CLANG_WARN_ENUM_CONVERSION = YES;
				CLANG_WARN_INFINITE_RECURSION = YES;
				CLANG_WARN_INT_CONVERSION = YES;
				CLANG_WARN_NON_LITERAL_NULL_CONVERSION = YES;
				CLANG_WARN_OBJC_IMPLICIT_RETAIN_SELF = YES;
				CLANG_WARN_OBJC_LITERAL_CONVERSION = YES;
				CLANG_WARN_OBJC_ROOT_CLASS = YES_ERROR;
				CLANG_WARN_QUOTED_INCLUDE_IN_FRAMEWORK_HEADER = YES;
				CLANG_WARN_RANGE_LOOP_ANALYSIS = YES;
				CLANG_WARN_STRICT_PROTOTYPES = YES;
				CLANG_WARN_SUSPICIOUS_MOVE = YES;
				CLANG_WARN_UNGUARDED_AVAILABILITY = YES_AGGRESSIVE;
				CLANG_WARN_UNREACHABLE_CODE = YES;
				CLANG_WARN__DUPLICATE_METHOD_MATCH = YES;
				GCC_C_LANGUAGE_STANDARD = gnu11;
				GCC_INPUT_FILETYPE = automatic;
				GCC_NO_COMMON_BLOCKS = YES;
				GCC_WARN_64_TO_32_BIT_CONVERSION = YES;
				GCC_WARN_ABOUT_RETURN_TYPE = YES_ERROR;
				GCC_WARN_UNDECLARED_SELECTOR = YES;
				GCC_WARN_UNINITIALIZED_AUTOS = YES_AGGRESSIVE;
				GCC_WARN_UNUSED_FUNCTION = YES;
				GCC_WARN_UNUSED_VARIABLE = YES;
				DEAD_CODE_STRIPPING = YES;
				ONLY_ACTIVE_ARCH = YES;
				SDKROOT = macosx;
			};
			name = Release;
		};
		624087A38290895DA190015A = {
			isa = XCBuildConfiguration;
			buildSettings = {
				PRODUCT_NAME = "main.arm64";
				OTHER_LDFLAGS = (
					"-lTellusim_arm64d",
				);
				LIBRARY_SEARCH_PATHS = (
					"$(PROJECT_DIR)/../../../lib/macos/arm64",
				);
				LD_RUNPATH_SEARCH_PATHS = (
					"$(PROJECT_DIR)/../../../lib/macos/arm64",
				);
				WARNING_CFLAGS = "-Wno-undefined-var-template";
				ENABLE_HARDENED_RUNTIME = NO;
				CODE_SIGN_IDENTITY = "-";
				CODE_SIGN_STYLE = Manual;
				DEAD_CODE_STRIPPING = YES;
				DEVELOPMENT_TEAM = "";
			};
			name = Debug;
		};
		624087A38290895DA190016A = {
			isa = XCBuildConfiguration;
			buildSettings = {
				PRODUCT_NAME = "main.arm64";
				OTHER_LDFLAGS = (
					"-lTellusim_arm64",
				);
				LIBRARY_SEARCH_PATHS = (
					"$(PROJECT_DIR)/../../../lib/macos/arm64",
				);
				LD_RUNPATH_SEARCH_PATHS = (
					"$(PROJECT_DIR)/../../../lib/macos/arm64",
				);
				WARNING_CFLAGS = "-Wno-undefined-var-template";
				ENABLE_HARDENED_RUNTIME = NO;
				CODE_SIGN_IDENTITY = "-";
				CODE_SIGN_STYLE = Manual;
				DEAD_CODE_STRIPPING = YES;
				DEVELOPMENT_TEAM = "";
			};
			name = Release;
		};
		624087A38290895DA19000DA = {
			isa = XCConfigurationList;
			buildConfigurations = (
				624087A38290895DA19000EA,
				624087A38290895DA19000FA,
			);
			defaultConfigurationIsVisible = 0;
			defaultConfigurationName = Release;
		};
		624087A38290895DA190014A = {
			isa = XCConfigurationList;
			buildConfigurations = (
				624087A38290895DA190015A,
				624087A38290895DA190016A,
			);
			defaultConfigurationIsVisible = 0;
			defaultConfigurationName = Release;
		};
	};
	rootObject = 624087A38290895DA19000CA;
}
