{
	archiveVersion = 1;
	classes = { };
	objectVersion = 45;
	objects = {
		605A2E2F58572C2168C0000A = { isa = PBXBuildFile; fileRef = 605A2E2F58572C2168C0001A; };
		605A2E2F58572C2168C0001A = { isa = PBXFileReference; path = main.cpp; sourceTree = "<group>"; };
		605A2E2F58572C2168C0002A = { isa = PBXBuildFile; fileRef = 605A2E2F58572C2168C0003A; settings = { ATTRIBUTES = ("--decompress"); }; };
		605A2E2F58572C2168C0003A = { isa = PBXFileReference; path = main.shader; sourceTree = "<group>"; };
		605A2E2F58572C2168C000AA = { isa = PBXFileReference; explicitFileType = wrapper.application; includeInIndex = 0; path = "tsPlatformBlending.app"; sourceTree = BUILT_PRODUCTS_DIR; };
		605A2E2F58572C2168C0008A = {
			isa = PBXGroup;
			children = (
				605A2E2F58572C2168C0001A,
				605A2E2F58572C2168C0003A,
				605A2E2F58572C2168C0009A,
			);
			sourceTree = "<group>";
		};
		605A2E2F58572C2168C0009A = {
			isa = PBXGroup;
			children = (
				605A2E2F58572C2168C000AA,
			);
			name = Products;
			sourceTree = "<group>";
		};
		605A2E2F58572C2168C000BA = {
			isa = PBXNativeTarget;
			buildConfigurationList = 605A2E2F58572C2168C000CA;
			buildPhases = (
				605A2E2F58572C2168C000FA,
				605A2E2F58572C2168C0010A,
			);
			buildRules = ( );
			dependencies = ( );
			name = "tsPlatformBlending";
			productName = "tsPlatformBlending";
			productReference = 605A2E2F58572C2168C000AA;
			productType = "com.apple.product-type.application";
		};
		605A2E2F58572C2168C0004A = {
			isa = PBXProject;
			attributes = { BuildIndependentTargetsInParallel = YES; };
			buildConfigurationList = 605A2E2F58572C2168C0005A;
			compatibilityVersion = "Xcode 14.0";
			developmentRegion = en;
			hasScannedForEncodings = 0;
			knownRegions = ( en, Base );
			mainGroup = 605A2E2F58572C2168C0008A;
			productRefGroup = 605A2E2F58572C2168C0009A;
			projectDirPath = "";
			projectRoot = "";
			targets = (
				605A2E2F58572C2168C000BA,
			);
		};
		605A2E2F58572C2168C000FA = {
			isa = PBXSourcesBuildPhase;
			buildActionMask = 2147483647;
			files = (
				605A2E2F58572C2168C0000A,
			);
			runOnlyForDeploymentPostprocessing = 0;
		};
		605A2E2F58572C2168C0010A = {
			isa = PBXResourcesBuildPhase;
			buildActionMask = 2147483647;
			files = (
				605A2E2F58572C2168C0002A,
			);
			runOnlyForDeploymentPostprocessing = 0;
		};
		605A2E2F58572C2168C0006A = {
			isa = XCBuildConfiguration;
			buildSettings = {
				ALWAYS_SEARCH_USER_PATHS = NO;
				TVOS_DEPLOYMENT_TARGET = 16.0;
				HEADER_SEARCH_PATHS = (
					"$(PROJECT_DIR)/../../../include",
					"$(PROJECT_DIR)/../../../plugins",
					"$(PROJECT_DIR)/../../../samples",
				);
				GCC_PREPROCESSOR_DEFINITIONS = (
					"_TVOS=1",
					"DEBUG=1",
					"TS_DEBUG=1",
					"$(inherited)",
				);
				ENABLE_TESTABILITY = YES;
				ENABLE_STRICT_OBJC_MSGSEND = YES;
				ENABLE_USER_SCRIPT_SANDBOXING = YES;
				CLANG_ANALYZER_NONNULL = YES;
				CLANG_ANALYZER_NUMBER_OBJECT_CONVERSION = YES_AGGRESSIVE;
				CLANG_CXX_LANGUAGE_STANDARD = "gnu++11";
				CLANG_CXX_LIBRARY = "libc++";
				CLANG_ENABLE_OBJC_ARC = YES;
				CLANG_ENABLE_OBJC_WEAK = YES;
				CLANG_WARN_BLOCK_CAPTURE_AUTORELEASING = YES;
				CLANG_WARN_BOOL_CONVERSION = YES;
				CLANG_WARN_COMMA = YES;
				CLANG_WARN_CONSTANT_CONVERSION = YES;
				CLANG_WARN_DEPRECATED_OBJC_IMPLEMENTATIONS = YES;
				CLANG_WARN_DIRECT_OBJC_ISA_USAGE = YES_ERROR;
				CLANG_WARN_DOCUMENTATION_COMMENTS = NO;
				CLANG_WARN_EMPTY_BODY = YES;
				CLANG_WARN_ENUM_CONVERSION = YES;
				CLANG_WARN_INFINITE_RECURSION = YES;
				CLANG_WARN_INT_CONVERSION = YES;
				CLANG_WARN_NON_LITERAL_NULL_CONVERSION = YES;
				CLANG_WARN_OBJC_IMPLICIT_RETAIN_SELF = YES;
				CLANG_WARN_OBJC_LITERAL_CONVERSION = YES;
				CLANG_WARN_OBJC_ROOT_CLASS = YES_ERROR;
				CLANG_WARN_QUOTED_INCLUDE_IN_FRAMEWORK_HEADER = YES;
				CLANG_WARN_RANGE_LOOP_ANALYSIS = YES;
				CLANG_WARN_STRICT_PROTOTYPES = YES;
				CLANG_WARN_SUSPICIOUS_MOVE = YES;
				CLANG_WARN_UNGUARDED_AVAILABILITY = YES_AGGRESSIVE;
				CLANG_WARN_UNREACHABLE_CODE = YES;
				CLANG_WARN__DUPLICATE_METHOD_MATCH = YES;
				GCC_C_LANGUAGE_STANDARD = gnu11;
				GCC_INPUT_FILETYPE = automatic;
				GCC_DYNAMIC_NO_PIC = NO;
				GCC_NO_COMMON_BLOCKS = YES;
				GCC_OPTIMIZATION_LEVEL = 0;
				GCC_WARN_64_TO_32_BIT_CONVERSION = YES;
				GCC_WARN_ABOUT_RETURN_TYPE = YES_ERROR;
				GCC_WARN_UNDECLARED_SELECTOR = YES;
				GCC_WARN_UNINITIALIZED_AUTOS = YES_AGGRESSIVE;
				GCC_WARN_UNUSED_FUNCTION = YES;
				GCC_WARN_UNUSED_VARIABLE = YES;
				DEBUG_INFORMATION_FORMAT = dwarf;
				DEAD_CODE_STRIPPING = YES;
				ONLY_ACTIVE_ARCH = YES;
				SDKROOT = appletvos;
			};
			name = Debug;
		};
		605A2E2F58572C2168C0007A = {
			isa = XCBuildConfiguration;
			buildSettings = {
				ALWAYS_SEARCH_USER_PATHS = NO;
				TVOS_DEPLOYMENT_TARGET = 16.0;
				HEADER_SEARCH_PATHS = (
					"$(PROJECT_DIR)/../../../include",
					"$(PROJECT_DIR)/../../../plugins",
					"$(PROJECT_DIR)/../../../samples",
				);
				GCC_PREPROCESSOR_DEFINITIONS = (
					"_TVOS=1",
					"NDEBUG=1",
					"$(inherited)",
				);
				ENABLE_TESTABILITY = YES;
				ENABLE_STRICT_OBJC_MSGSEND = YES;
				ENABLE_USER_SCRIPT_SANDBOXING = YES;
				DEBUG_INFORMATION_FORMAT = "dwarf-with-dsym";
				CLANG_ANALYZER_NONNULL = YES;
				CLANG_ANALYZER_NUMBER_OBJECT_CONVERSION = YES_AGGRESSIVE;
				CLANG_CXX_LANGUAGE_STANDARD = "gnu++11";
				CLANG_CXX_LIBRARY = "libc++";
				CLANG_ENABLE_OBJC_ARC = YES;
				CLANG_ENABLE_OBJC_WEAK = YES;
				CLANG_WARN_BLOCK_CAPTURE_AUTORELEASING = YES;
				CLANG_WARN_BOOL_CONVERSION = YES;
				CLANG_WARN_COMMA = YES;
				CLANG_WARN_CONSTANT_CONVERSION = YES;
				CLANG_WARN_DEPRECATED_OBJC_IMPLEMENTATIONS = YES;
				CLANG_WARN_DIRECT_OBJC_ISA_USAGE = YES_ERROR;
				CLANG_WARN_DOCUMENTATION_COMMENTS = NO;
				CLANG_WARN_EMPTY_BODY = YES;
				CLANG_WARN_ENUM_CONVERSION = YES;
				CLANG_WARN_INFINITE_RECURSION = YES;
				CLANG_WARN_INT_CONVERSION = YES;
				CLANG_WARN_NON_LITERAL_NULL_CONVERSION = YES;
				CLANG_WARN_OBJC_IMPLICIT_RETAIN_SELF = YES;
				CLANG_WARN_OBJC_LITERAL_CONVERSION = YES;
				CLANG_WARN_OBJC_ROOT_CLASS = YES_ERROR;
				CLANG_WARN_QUOTED_INCLUDE_IN_FRAMEWORK_HEADER = YES;
				CLANG_WARN_RANGE_LOOP_ANALYSIS = YES;
				CLANG_WARN_STRICT_PROTOTYPES = YES;
				CLANG_WARN_SUSPICIOUS_MOVE = YES;
				CLANG_WARN_UNGUARDED_AVAILABILITY = YES_AGGRESSIVE;
				CLANG_WARN_UNREACHABLE_CODE = YES;
				CLANG_WARN__DUPLICATE_METHOD_MATCH = YES;
				GCC_C_LANGUAGE_STANDARD = gnu11;
				GCC_INPUT_FILETYPE = automatic;
				GCC_NO_COMMON_BLOCKS = YES;
				GCC_WARN_64_TO_32_BIT_CONVERSION = YES;
				GCC_WARN_ABOUT_RETURN_TYPE = YES_ERROR;
				GCC_WARN_UNDECLARED_SELECTOR = YES;
				GCC_WARN_UNINITIALIZED_AUTOS = YES_AGGRESSIVE;
				GCC_WARN_UNUSED_FUNCTION = YES;
				GCC_WARN_UNUSED_VARIABLE = YES;
				DEAD_CODE_STRIPPING = YES;
				ONLY_ACTIVE_ARCH = YES;
				SDKROOT = appletvos;
			};
			name = Release;
		};
		605A2E2F58572C2168C000DA = {
			isa = XCBuildConfiguration;
			buildSettings = {
				PRODUCT_NAME = "tsPlatformBlending";
				PRODUCT_BUNDLE_IDENTIFIER = com.tellusim.tsPlatformBlending;
				GENERATE_INFOPLIST_FILE = YES;
				INFOPLIST_KEY_UIRequiredDeviceCapabilities = metal;
				LIBRARY_SEARCH_PATHS = (
					"$(PROJECT_DIR)/../../../lib/tvos/arm64",
				);
				OTHER_CPLUSPLUSFLAGS = (
					"-fobjc-arc",
					"$(OTHER_CFLAGS)",
				);
				OTHER_LDFLAGS = (
					"-Wl,-e,_clay_main",
					"-lTellusim_arm64d",
					"-framework Foundation",
					"-framework QuartzCore",
					"-framework GameController",
					"-framework UIKit",
					"-framework Metal",
				);
				LD_RUNPATH_SEARCH_PATHS = (
					"@executable_path",
					"$(inherited)",
				);
				IPHONE_OPTIMIZE_OPTIONS = "-skip-PNGs";
				WARNING_CFLAGS = "-Wno-undefined-var-template";
				CODE_SIGN_STYLE = Manual;
				DEAD_CODE_STRIPPING = YES;
				DEVELOPMENT_TEAM = "";
				PROVISIONING_PROFILE_SPECIFIER = "";
				TARGETED_DEVICE_FAMILY = 3;
			};
			name = Debug;
		};
		605A2E2F58572C2168C000EA = {
			isa = XCBuildConfiguration;
			buildSettings = {
				PRODUCT_NAME = "tsPlatformBlending";
				PRODUCT_BUNDLE_IDENTIFIER = com.tellusim.tsPlatformBlending;
				GENERATE_INFOPLIST_FILE = YES;
				INFOPLIST_KEY_UIRequiredDeviceCapabilities = metal;
				LIBRARY_SEARCH_PATHS = (
					"$(PROJECT_DIR)/../../../lib/tvos/arm64",
				);
				OTHER_CPLUSPLUSFLAGS = (
					"-fobjc-arc",
					"$(OTHER_CFLAGS)",
				);
				OTHER_LDFLAGS = (
					"-Wl,-e,_clay_main",
					"-lTellusim_arm64",
					"-framework Foundation",
					"-framework QuartzCore",
					"-framework GameController",
					"-framework UIKit",
					"-framework Metal",
				);
				LD_RUNPATH_SEARCH_PATHS = (
					"@executable_path",
					"$(inherited)",
				);
				IPHONE_OPTIMIZE_OPTIONS = "-skip-PNGs";
				WARNING_CFLAGS = "-Wno-undefined-var-template";
				CODE_SIGN_STYLE = Manual;
				DEAD_CODE_STRIPPING = YES;
				DEVELOPMENT_TEAM = "";
				PROVISIONING_PROFILE_SPECIFIER = "";
				TARGETED_DEVICE_FAMILY = 3;
			};
			name = Release;
		};
		605A2E2F58572C2168C0005A = {
			isa = XCConfigurationList;
			buildConfigurations = (
				605A2E2F58572C2168C0006A,
				605A2E2F58572C2168C0007A,
			);
			defaultConfigurationIsVisible = 0;
			defaultConfigurationName = Release;
		};
		605A2E2F58572C2168C000CA = {
			isa = XCConfigurationList;
			buildConfigurations = (
				605A2E2F58572C2168C000DA,
				605A2E2F58572C2168C000EA,
			);
			defaultConfigurationIsVisible = 0;
			defaultConfigurationName = Release;
		};
	};
	rootObject = 605A2E2F58572C2168C0004A;
}
