<?xml version="1.0" encoding="UTF-8"?>
<Scheme version = "1.3">
	<LaunchAction
		useCustomWorkingDirectory = "YES"
		customWorkingDirectory = "$(PROJECT_DIR)">
		<BuildableProductRunnable>
			<BuildableReference
				BuildableIdentifier = "primary"
				BlueprintIdentifier = "6171F8BBC2821E44F450009A"
				BuildableName = "main.x64"
				BlueprintName = "main.x64"
				ReferencedContainer = "container:02_hello_compute.xcodeproj"/>
		</BuildableProductRunnable>
	</LaunchAction>
</Scheme>
