<?xml version="1.0" encoding="UTF-8"?>
<Scheme version = "1.3">
	<LaunchAction
		useCustomWorkingDirectory = "YES"
		customWorkingDirectory = "$(PROJECT_DIR)">
		<BuildableProductRunnable>
			<BuildableReference
				BuildableIdentifier = "primary"
				BlueprintIdentifier = "64E34BEC02B407237A30009A"
				BuildableName = "main.x64"
				BlueprintName = "main.x64"
				ReferencedContainer = "container:parallax_cube.xcodeproj"/>
		</BuildableProductRunnable>
	</LaunchAction>
</Scheme>
