<?xml version="1.0" encoding="UTF-8"?>
<Scheme version = "1.3">
	<LaunchAction
		useCustomWorkingDirectory = "YES"
		customWorkingDirectory = "$(PROJECT_DIR)">
		<BuildableProductRunnable>
			<BuildableReference
				BuildableIdentifier = "primary"
				BlueprintIdentifier = "62A1B620E4E99BFC982000BA"
				BuildableName = "main.x64"
				BlueprintName = "main.x64"
				ReferencedContainer = "container:rmlui.xcodeproj"/>
		</BuildableProductRunnable>
	</LaunchAction>
</Scheme>
