<?xml version="1.0" encoding="UTF-8"?>
<Scheme version = "1.3">
	<LaunchAction
		useCustomWorkingDirectory = "YES"
		customWorkingDirectory = "$(PROJECT_DIR)"
		enableGPUValidationMode = "1">
		<BuildableProductRunnable>
			<BuildableReference
				BuildableIdentifier = "primary"
				BlueprintIdentifier = "6147FAAABFCE3B7BFD9000BA"
				BuildableName = "tsInterfaceControlModal"
				BlueprintName = "tsInterfaceControlModal"
				ReferencedContainer = "container:modal_ios.xcodeproj"/>
		</BuildableProductRunnable>
	</LaunchAction>
</Scheme>
