<?xml version="1.0" encoding="UTF-8"?>
<Scheme version = "1.3">
	<LaunchAction
		useCustomWorkingDirectory = "YES"
		customWorkingDirectory = "$(PROJECT_DIR)">
		<BuildableProductRunnable>
			<BuildableReference
				BuildableIdentifier = "primary"
				BlueprintIdentifier = "6E92E5B761D3B6A765B000BA"
				BuildableName = "main.arm64"
				BlueprintName = "main.arm64"
				ReferencedContainer = "container:opengl.xcodeproj"/>
		</BuildableProductRunnable>
	</LaunchAction>
</Scheme>
