{
	archiveVersion = 1;
	classes = { };
	objectVersion = 45;
	objects = {
		674E458B52886C1F2290000A = { isa = PBXBuildFile; fileRef = 674E458B52886C1F2290001A; };
		674E458B52886C1F2290001A = { isa = PBXFileReference; path = main.cpp; sourceTree = "<group>"; };
		674E458B52886C1F2290008A = { isa = PBXFileReference; explicitFileType = "compiled.mach-o.executable"; includeInIndex = 0; path = "main.x64"; sourceTree = BUILT_PRODUCTS_DIR; };
		674E458B52886C1F2290006A = {
			isa = PBXGroup;
			children = (
				674E458B52886C1F2290001A,
				674E458B52886C1F2290007A,
			);
			sourceTree = "<group>";
		};
		674E458B52886C1F2290007A = {
			isa = PBXGroup;
			children = (
				674E458B52886C1F2290008A,
			);
			name = Products;
			sourceTree = "<group>";
		};
		674E458B52886C1F2290009A = {
			isa = PBXNativeTarget;
			buildConfigurationList = 674E458B52886C1F229000AA;
			buildPhases = (
				674E458B52886C1F229000DA,
			);
			buildRules = ( );
			dependencies = ( );
			name = "main.x64";
			productName = "main.x64";
			productReference = 674E458B52886C1F2290008A;
			productType = "com.apple.product-type.tool";
		};
		674E458B52886C1F2290002A = {
			isa = PBXProject;
			attributes = { BuildIndependentTargetsInParallel = YES; };
			buildConfigurationList = 674E458B52886C1F2290003A;
			compatibilityVersion = "Xcode 14.0";
			developmentRegion = en;
			hasScannedForEncodings = 0;
			knownRegions = ( en, Base );
			mainGroup = 674E458B52886C1F2290006A;
			productRefGroup = 674E458B52886C1F2290007A;
			projectDirPath = "";
			projectRoot = "";
			targets = (
				674E458B52886C1F2290009A,
			);
		};
		674E458B52886C1F229000DA = {
			isa = PBXSourcesBuildPhase;
			buildActionMask = 2147483647;
			files = (
				674E458B52886C1F2290000A,
			);
			runOnlyForDeploymentPostprocessing = 0;
		};
		674E458B52886C1F2290004A = {
			isa = XCBuildConfiguration;
			buildSettings = {
				ALWAYS_SEARCH_USER_PATHS = NO;
				MACOSX_DEPLOYMENT_TARGET = 13.0;
				HEADER_SEARCH_PATHS = (
					"$(PROJECT_DIR)/../../../include",
					"$(PROJECT_DIR)/../../../plugins",
					"$(PROJECT_DIR)/../../../samples",
				);
				GCC_PREPROCESSOR_DEFINITIONS = (
					"_MACOS=1",
					"DEBUG=1",
					"TS_DEBUG=1",
					"$(inherited)",
				);
				ENABLE_TESTABILITY = YES;
				ENABLE_STRICT_OBJC_MSGSEND = YES;
				ENABLE_USER_SCRIPT_SANDBOXING = YES;
				CLANG_ANALYZER_NONNULL = YES;
				CLANG_ANALYZER_NUMBER_OBJECT_CONVERSION = YES_AGGRESSIVE;
				CLANG_CXX_LANGUAGE_STANDARD = "gnu++11";
				CLANG_CXX_LIBRARY = "libc++";
				CLANG_ENABLE_OBJC_ARC = YES;
				CLANG_ENABLE_OBJC_WEAK = YES;
				CLANG_WARN_BLOCK_CAPTURE_AUTORELEASING = YES;
				CLANG_WARN_BOOL_CONVERSION = YES;
				CLANG_WARN_COMMA = YES;
				CLANG_WARN_CONSTANT_CONVERSION = YES;
				CLANG_WARN_DEPRECATED_OBJC_IMPLEMENTATIONS = YES;
				CLANG_WARN_DIRECT_OBJC_ISA_USAGE = YES_ERROR;
				CLANG_WARN_DOCUMENTATION_COMMENTS = NO;
				CLANG_WARN_EMPTY_BODY = YES;
				CLANG_WARN_ENUM_CONVERSION = YES;
				CLANG_WARN_INFINITE_RECURSION = YES;
				CLANG_WARN_INT_CONVERSION = YES;
				CLANG_WARN_NON_LITERAL_NULL_CONVERSION = YES;
				CLANG_WARN_OBJC_IMPLICIT_RETAIN_SELF = YES;
				CLANG_WARN_OBJC_LITERAL_CONVERSION = YES;
				CLANG_WARN_OBJC_ROOT_CLASS = YES_ERROR;
				CLANG_WARN_QUOTED_INCLUDE_IN_FRAMEWORK_HEADER = YES;
				CLANG_WARN_RANGE_LOOP_ANALYSIS = YES;
				CLANG_WARN_STRICT_PROTOTYPES = YES;
				CLANG_WARN_SUSPICIOUS_MOVE = YES;
				CLANG_WARN_UNGUARDED_AVAILABILITY = YES_AGGRESSIVE;
				CLANG_WARN_UNREACHABLE_CODE = YES;
				CLANG_WARN__DUPLICATE_METHOD_MATCH = YES;
				GCC_C_LANGUAGE_STANDARD = gnu11;
				GCC_DYNAMIC_NO_PIC = NO;
				GCC_NO_COMMON_BLOCKS = YES;
				GCC_OPTIMIZATION_LEVEL = 0;
				GCC_WARN_64_TO_32_BIT_CONVERSION = YES;
				GCC_WARN_ABOUT_RETURN_TYPE = YES_ERROR;
				GCC_WARN_UNDECLARED_SELECTOR = YES;
				GCC_WARN_UNINITIALIZED_AUTOS = YES_AGGRESSIVE;
				GCC_WARN_UNUSED_FUNCTION = YES;
				GCC_WARN_UNUSED_VARIABLE = YES;
				DEBUG_INFORMATION_FORMAT = dwarf;
				DEAD_CODE_STRIPPING = YES;
				ONLY_ACTIVE_ARCH = YES;
				SDKROOT = macosx;
			};
			name = Debug;
		};
		674E458B52886C1F2290005A = {
			isa = XCBuildConfiguration;
			buildSettings = {
				ALWAYS_SEARCH_USER_PATHS = NO;
				MACOSX_DEPLOYMENT_TARGET = 13.0;
				HEADER_SEARCH_PATHS = (
					"$(PROJECT_DIR)/../../../include",
					"$(PROJECT_DIR)/../../../plugins",
					"$(PROJECT_DIR)/../../../samples",
				);
				GCC_PREPROCESSOR_DEFINITIONS = (
					"_MACOS=1",
					"NDEBUG=1",
					"$(inherited)",
				);
				ENABLE_TESTABILITY = YES;
				ENABLE_STRICT_OBJC_MSGSEND = YES;
				ENABLE_USER_SCRIPT_SANDBOXING = YES;
				DEBUG_INFORMATION_FORMAT = "dwarf-with-dsym";
				CLANG_ANALYZER_NONNULL = YES;
				CLANG_ANALYZER_NUMBER_OBJECT_CONVERSION = YES_AGGRESSIVE;
				CLANG_CXX_LANGUAGE_STANDARD = "gnu++11";
				CLANG_CXX_LIBRARY = "libc++";
				CLANG_ENABLE_OBJC_ARC = YES;
				CLANG_ENABLE_OBJC_WEAK = YES;
				CLANG_WARN_BLOCK_CAPTURE_AUTORELEASING = YES;
				CLANG_WARN_BOOL_CONVERSION = YES;
				CLANG_WARN_COMMA = YES;
				CLANG_WARN_CONSTANT_CONVERSION = YES;
				CLANG_WARN_DEPRECATED_OBJC_IMPLEMENTATIONS = YES;
				CLANG_WARN_DIRECT_OBJC_ISA_USAGE = YES_ERROR;
				CLANG_WARN_DOCUMENTATION_COMMENTS = NO;
				CLANG_WARN_EMPTY_BODY = YES;
				CLANG_WARN_ENUM_CONVERSION = YES;
				CLANG_WARN_INFINITE_RECURSION = YES;
				CLANG_WARN_INT_CONVERSION = YES;
				CLANG_WARN_NON_LITERAL_NULL_CONVERSION = YES;
				CLANG_WARN_OBJC_IMPLICIT_RETAIN_SELF = YES;
				CLANG_WARN_OBJC_LITERAL_CONVERSION = YES;
				CLANG_WARN_OBJC_ROOT_CLASS = YES_ERROR;
				CLANG_WARN_QUOTED_INCLUDE_IN_FRAMEWORK_HEADER = YES;
				CLANG_WARN_RANGE_LOOP_ANALYSIS = YES;
				CLANG_WARN_STRICT_PROTOTYPES = YES;
				CLANG_WARN_SUSPICIOUS_MOVE = YES;
				CLANG_WARN_UNGUARDED_AVAILABILITY = YES_AGGRESSIVE;
				CLANG_WARN_UNREACHABLE_CODE = YES;
				CLANG_WARN__DUPLICATE_METHOD_MATCH = YES;
				GCC_C_LANGUAGE_STANDARD = gnu11;
				GCC_NO_COMMON_BLOCKS = YES;
				GCC_WARN_64_TO_32_BIT_CONVERSION = YES;
				GCC_WARN_ABOUT_RETURN_TYPE = YES_ERROR;
				GCC_WARN_UNDECLARED_SELECTOR = YES;
				GCC_WARN_UNINITIALIZED_AUTOS = YES_AGGRESSIVE;
				GCC_WARN_UNUSED_FUNCTION = YES;
				GCC_WARN_UNUSED_VARIABLE = YES;
				DEAD_CODE_STRIPPING = YES;
				ONLY_ACTIVE_ARCH = YES;
				SDKROOT = macosx;
			};
			name = Release;
		};
		674E458B52886C1F229000BA = {
			isa = XCBuildConfiguration;
			buildSettings = {
				PRODUCT_NAME = "main.x64";
				OTHER_LDFLAGS = (
					"-lTellusim_x64d",
				);
				LIBRARY_SEARCH_PATHS = (
					"$(PROJECT_DIR)/../../../lib/macos/x64",
				);
				LD_RUNPATH_SEARCH_PATHS = (
					"$(PROJECT_DIR)/../../../lib/macos/x64",
				);
				WARNING_CFLAGS = "-Wno-undefined-var-template";
				ENABLE_HARDENED_RUNTIME = NO;
				CODE_SIGN_IDENTITY = "-";
				CODE_SIGN_STYLE = Manual;
				DEAD_CODE_STRIPPING = YES;
				DEVELOPMENT_TEAM = "";
			};
			name = Debug;
		};
		674E458B52886C1F229000CA = {
			isa = XCBuildConfiguration;
			buildSettings = {
				PRODUCT_NAME = "main.x64";
				OTHER_LDFLAGS = (
					"-lTellusim_x64",
				);
				LIBRARY_SEARCH_PATHS = (
					"$(PROJECT_DIR)/../../../lib/macos/x64",
				);
				LD_RUNPATH_SEARCH_PATHS = (
					"$(PROJECT_DIR)/../../../lib/macos/x64",
				);
				WARNING_CFLAGS = "-Wno-undefined-var-template";
				ENABLE_HARDENED_RUNTIME = NO;
				CODE_SIGN_IDENTITY = "-";
				CODE_SIGN_STYLE = Manual;
				DEAD_CODE_STRIPPING = YES;
				DEVELOPMENT_TEAM = "";
			};
			name = Release;
		};
		674E458B52886C1F2290003A = {
			isa = XCConfigurationList;
			buildConfigurations = (
				674E458B52886C1F2290004A,
				674E458B52886C1F2290005A,
			);
			defaultConfigurationIsVisible = 0;
			defaultConfigurationName = Release;
		};
		674E458B52886C1F229000AA = {
			isa = XCConfigurationList;
			buildConfigurations = (
				674E458B52886C1F229000BA,
				674E458B52886C1F229000CA,
			);
			defaultConfigurationIsVisible = 0;
			defaultConfigurationName = Release;
		};
	};
	rootObject = 674E458B52886C1F2290002A;
}
