<?xml version="1.0" encoding="UTF-8"?>
<Scheme version = "1.3">
	<LaunchAction
		useCustomWorkingDirectory = "YES"
		customWorkingDirectory = "$(PROJECT_DIR)">
		<BuildableProductRunnable>
			<BuildableReference
				BuildableIdentifier = "primary"
				BlueprintIdentifier = "63AFC2898BB6B23DE1A000FA"
				BuildableName = "main.x64"
				BlueprintName = "main.x64"
				ReferencedContainer = "container:rust.xcodeproj"/>
		</BuildableProductRunnable>
	</LaunchAction>
</Scheme>
