<?xml version="1.0" encoding="UTF-8"?>
<Scheme version = "1.3">
	<LaunchAction
		useCustomWorkingDirectory = "YES"
		customWorkingDirectory = "$(PROJECT_DIR)"
		enableGPUValidationMode = "1">
		<BuildableProductRunnable>
			<BuildableReference
				BuildableIdentifier = "primary"
				BlueprintIdentifier = "6348F15AB479092C088000DA"
				BuildableName = "tsGraphicsSeparableFilter"
				BlueprintName = "tsGraphicsSeparableFilter"
				ReferencedContainer = "container:separable_filter_ios.xcodeproj"/>
		</BuildableProductRunnable>
	</LaunchAction>
</Scheme>
