<?xml version="1.0" encoding="UTF-8"?>
<Scheme version = "1.3">
	<LaunchAction
		useCustomWorkingDirectory = "YES"
		customWorkingDirectory = "$(PROJECT_DIR)">
		<BuildableProductRunnable>
			<BuildableReference
				BuildableIdentifier = "primary"
				BlueprintIdentifier = "6B8F596CDAF050B0DD9000BA"
				BuildableName = "main.x64"
				BlueprintName = "main.x64"
				ReferencedContainer = "container:slider.xcodeproj"/>
		</BuildableProductRunnable>
	</LaunchAction>
</Scheme>
