{
	archiveVersion = 1;
	classes = { };
	objectVersion = 45;
	objects = {
		615056E38CCB70BAD5F0000A = { isa = PBXBuildFile; fileRef = 615056E38CCB70BAD5F0001A; };
		615056E38CCB70BAD5F0001A = { isa = PBXFileReference; path = main.cpp; sourceTree = "<group>"; };
		615056E38CCB70BAD5F0002A = { isa = PBXBuildFile; fileRef = 615056E38CCB70BAD5F0003A; settings = { ATTRIBUTES = ("--decompress"); }; };
		615056E38CCB70BAD5F0003A = { isa = PBXFileReference; path = main.shader; sourceTree = "<group>"; };
		615056E38CCB70BAD5F000AA = { isa = PBXFileReference; explicitFileType = wrapper.application; includeInIndex = 0; path = "tsGraphicsGeometry.app"; sourceTree = BUILT_PRODUCTS_DIR; };
		615056E38CCB70BAD5F0008A = {
			isa = PBXGroup;
			children = (
				615056E38CCB70BAD5F0001A,
				615056E38CCB70BAD5F0003A,
				615056E38CCB70BAD5F0009A,
			);
			sourceTree = "<group>";
		};
		615056E38CCB70BAD5F0009A = {
			isa = PBXGroup;
			children = (
				615056E38CCB70BAD5F000AA,
			);
			name = Products;
			sourceTree = "<group>";
		};
		615056E38CCB70BAD5F000BA = {
			isa = PBXNativeTarget;
			buildConfigurationList = 615056E38CCB70BAD5F000CA;
			buildPhases = (
				615056E38CCB70BAD5F000FA,
				615056E38CCB70BAD5F0010A,
			);
			buildRules = ( );
			dependencies = ( );
			name = "tsGraphicsGeometry";
			productName = "tsGraphicsGeometry";
			productReference = 615056E38CCB70BAD5F000AA;
			productType = "com.apple.product-type.application";
		};
		615056E38CCB70BAD5F0004A = {
			isa = PBXProject;
			attributes = { BuildIndependentTargetsInParallel = YES; };
			buildConfigurationList = 615056E38CCB70BAD5F0005A;
			compatibilityVersion = "Xcode 14.0";
			developmentRegion = en;
			hasScannedForEncodings = 0;
			knownRegions = ( en, Base );
			mainGroup = 615056E38CCB70BAD5F0008A;
			productRefGroup = 615056E38CCB70BAD5F0009A;
			projectDirPath = "";
			projectRoot = "";
			targets = (
				615056E38CCB70BAD5F000BA,
			);
		};
		615056E38CCB70BAD5F000FA = {
			isa = PBXSourcesBuildPhase;
			buildActionMask = 2147483647;
			files = (
				615056E38CCB70BAD5F0000A,
			);
			runOnlyForDeploymentPostprocessing = 0;
		};
		615056E38CCB70BAD5F0010A = {
			isa = PBXResourcesBuildPhase;
			buildActionMask = 2147483647;
			files = (
				615056E38CCB70BAD5F0002A,
			);
			runOnlyForDeploymentPostprocessing = 0;
		};
		615056E38CCB70BAD5F0006A = {
			isa = XCBuildConfiguration;
			buildSettings = {
				ALWAYS_SEARCH_USER_PATHS = NO;
				TVOS_DEPLOYMENT_TARGET = 16.0;
				HEADER_SEARCH_PATHS = (
					"$(PROJECT_DIR)/../../../include",
					"$(PROJECT_DIR)/../../../plugins",
					"$(PROJECT_DIR)/../../../samples",
				);
				GCC_PREPROCESSOR_DEFINITIONS = (
					"_TVOS=1",
					"DEBUG=1",
					"TS_DEBUG=1",
					"$(inherited)",
				);
				ENABLE_TESTABILITY = YES;
				ENABLE_STRICT_OBJC_MSGSEND = YES;
				ENABLE_USER_SCRIPT_SANDBOXING = YES;
				CLANG_ANALYZER_NONNULL = YES;
				CLANG_ANALYZER_NUMBER_OBJECT_CONVERSION = YES_AGGRESSIVE;
				CLANG_CXX_LANGUAGE_STANDARD = "gnu++11";
				CLANG_CXX_LIBRARY = "libc++";
				CLANG_ENABLE_OBJC_ARC = YES;
				CLANG_ENABLE_OBJC_WEAK = YES;
				CLANG_WARN_BLOCK_CAPTURE_AUTORELEASING = YES;
				CLANG_WARN_BOOL_CONVERSION = YES;
				CLANG_WARN_COMMA = YES;
				CLANG_WARN_CONSTANT_CONVERSION = YES;
				CLANG_WARN_DEPRECATED_OBJC_IMPLEMENTATIONS = YES;
				CLANG_WARN_DIRECT_OBJC_ISA_USAGE = YES_ERROR;
				CLANG_WARN_DOCUMENTATION_COMMENTS = NO;
				CLANG_WARN_EMPTY_BODY = YES;
				CLANG_WARN_ENUM_CONVERSION = YES;
				CLANG_WARN_INFINITE_RECURSION = YES;
				CLANG_WARN_INT_CONVERSION = YES;
				CLANG_WARN_NON_LITERAL_NULL_CONVERSION = YES;
				CLANG_WARN_OBJC_IMPLICIT_RETAIN_SELF = YES;
				CLANG_WARN_OBJC_LITERAL_CONVERSION = YES;
				CLANG_WARN_OBJC_ROOT_CLASS = YES_ERROR;
				CLANG_WARN_QUOTED_INCLUDE_IN_FRAMEWORK_HEADER = YES;
				CLANG_WARN_RANGE_LOOP_ANALYSIS = YES;
				CLANG_WARN_STRICT_PROTOTYPES = YES;
				CLANG_WARN_SUSPICIOUS_MOVE = YES;
				CLANG_WARN_UNGUARDED_AVAILABILITY = YES_AGGRESSIVE;
				CLANG_WARN_UNREACHABLE_CODE = YES;
				CLANG_WARN__DUPLICATE_METHOD_MATCH = YES;
				GCC_C_LANGUAGE_STANDARD = gnu11;
				GCC_DYNAMIC_NO_PIC = NO;
				GCC_NO_COMMON_BLOCKS = YES;
				GCC_OPTIMIZATION_LEVEL = 0;
				GCC_WARN_64_TO_32_BIT_CONVERSION = YES;
				GCC_WARN_ABOUT_RETURN_TYPE = YES_ERROR;
				GCC_WARN_UNDECLARED_SELECTOR = YES;
				GCC_WARN_UNINITIALIZED_AUTOS = YES_AGGRESSIVE;
				GCC_WARN_UNUSED_FUNCTION = YES;
				GCC_WARN_UNUSED_VARIABLE = YES;
				DEBUG_INFORMATION_FORMAT = dwarf;
				DEAD_CODE_STRIPPING = YES;
				ONLY_ACTIVE_ARCH = YES;
				SDKROOT = appletvos;
			};
			name = Debug;
		};
		615056E38CCB70BAD5F0007A = {
			isa = XCBuildConfiguration;
			buildSettings = {
				ALWAYS_SEARCH_USER_PATHS = NO;
				TVOS_DEPLOYMENT_TARGET = 16.0;
				HEADER_SEARCH_PATHS = (
					"$(PROJECT_DIR)/../../../include",
					"$(PROJECT_DIR)/../../../plugins",
					"$(PROJECT_DIR)/../../../samples",
				);
				GCC_PREPROCESSOR_DEFINITIONS = (
					"_TVOS=1",
					"NDEBUG=1",
					"$(inherited)",
				);
				ENABLE_TESTABILITY = YES;
				ENABLE_STRICT_OBJC_MSGSEND = YES;
				ENABLE_USER_SCRIPT_SANDBOXING = YES;
				DEBUG_INFORMATION_FORMAT = "dwarf-with-dsym";
				CLANG_ANALYZER_NONNULL = YES;
				CLANG_ANALYZER_NUMBER_OBJECT_CONVERSION = YES_AGGRESSIVE;
				CLANG_CXX_LANGUAGE_STANDARD = "gnu++11";
				CLANG_CXX_LIBRARY = "libc++";
				CLANG_ENABLE_OBJC_ARC = YES;
				CLANG_ENABLE_OBJC_WEAK = YES;
				CLANG_WARN_BLOCK_CAPTURE_AUTORELEASING = YES;
				CLANG_WARN_BOOL_CONVERSION = YES;
				CLANG_WARN_COMMA = YES;
				CLANG_WARN_CONSTANT_CONVERSION = YES;
				CLANG_WARN_DEPRECATED_OBJC_IMPLEMENTATIONS = YES;
				CLANG_WARN_DIRECT_OBJC_ISA_USAGE = YES_ERROR;
				CLANG_WARN_DOCUMENTATION_COMMENTS = NO;
				CLANG_WARN_EMPTY_BODY = YES;
				CLANG_WARN_ENUM_CONVERSION = YES;
				CLANG_WARN_INFINITE_RECURSION = YES;
				CLANG_WARN_INT_CONVERSION = YES;
				CLANG_WARN_NON_LITERAL_NULL_CONVERSION = YES;
				CLANG_WARN_OBJC_IMPLICIT_RETAIN_SELF = YES;
				CLANG_WARN_OBJC_LITERAL_CONVERSION = YES;
				CLANG_WARN_OBJC_ROOT_CLASS = YES_ERROR;
				CLANG_WARN_QUOTED_INCLUDE_IN_FRAMEWORK_HEADER = YES;
				CLANG_WARN_RANGE_LOOP_ANALYSIS = YES;
				CLANG_WARN_STRICT_PROTOTYPES = YES;
				CLANG_WARN_SUSPICIOUS_MOVE = YES;
				CLANG_WARN_UNGUARDED_AVAILABILITY = YES_AGGRESSIVE;
				CLANG_WARN_UNREACHABLE_CODE = YES;
				CLANG_WARN__DUPLICATE_METHOD_MATCH = YES;
				GCC_C_LANGUAGE_STANDARD = gnu11;
				GCC_NO_COMMON_BLOCKS = YES;
				GCC_WARN_64_TO_32_BIT_CONVERSION = YES;
				GCC_WARN_ABOUT_RETURN_TYPE = YES_ERROR;
				GCC_WARN_UNDECLARED_SELECTOR = YES;
				GCC_WARN_UNINITIALIZED_AUTOS = YES_AGGRESSIVE;
				GCC_WARN_UNUSED_FUNCTION = YES;
				GCC_WARN_UNUSED_VARIABLE = YES;
				DEAD_CODE_STRIPPING = YES;
				ONLY_ACTIVE_ARCH = YES;
				SDKROOT = appletvos;
			};
			name = Release;
		};
		615056E38CCB70BAD5F000DA = {
			isa = XCBuildConfiguration;
			buildSettings = {
				PRODUCT_NAME = "tsGraphicsGeometry";
				PRODUCT_BUNDLE_IDENTIFIER = com.tellusim.tsGraphicsGeometry;
				GENERATE_INFOPLIST_FILE = YES;
				INFOPLIST_KEY_UIRequiredDeviceCapabilities = metal;
				LIBRARY_SEARCH_PATHS = (
					"$(PROJECT_DIR)/../../../lib/tvos/arm64",
				);
				OTHER_CPLUSPLUSFLAGS = (
					"-fobjc-arc",
					"$(OTHER_CFLAGS)",
				);
				OTHER_LDFLAGS = (
					"-Wl,-e,_clay_main",
					"-lTellusim_arm64d",
					"-framework Foundation",
					"-framework QuartzCore",
					"-framework GameController",
					"-framework UIKit",
					"-framework Metal",
				);
				LD_RUNPATH_SEARCH_PATHS = (
					"@executable_path",
					"$(inherited)",
				);
				IPHONE_OPTIMIZE_OPTIONS = "-skip-PNGs";
				WARNING_CFLAGS = "-Wno-undefined-var-template";
				CODE_SIGN_STYLE = Manual;
				DEAD_CODE_STRIPPING = YES;
				DEVELOPMENT_TEAM = "";
				PROVISIONING_PROFILE_SPECIFIER = "";
				TARGETED_DEVICE_FAMILY = 3;
			};
			name = Debug;
		};
		615056E38CCB70BAD5F000EA = {
			isa = XCBuildConfiguration;
			buildSettings = {
				PRODUCT_NAME = "tsGraphicsGeometry";
				PRODUCT_BUNDLE_IDENTIFIER = com.tellusim.tsGraphicsGeometry;
				GENERATE_INFOPLIST_FILE = YES;
				INFOPLIST_KEY_UIRequiredDeviceCapabilities = metal;
				LIBRARY_SEARCH_PATHS = (
					"$(PROJECT_DIR)/../../../lib/tvos/arm64",
				);
				OTHER_CPLUSPLUSFLAGS = (
					"-fobjc-arc",
					"$(OTHER_CFLAGS)",
				);
				OTHER_LDFLAGS = (
					"-Wl,-e,_clay_main",
					"-lTellusim_arm64",
					"-framework Foundation",
					"-framework QuartzCore",
					"-framework GameController",
					"-framework UIKit",
					"-framework Metal",
				);
				LD_RUNPATH_SEARCH_PATHS = (
					"@executable_path",
					"$(inherited)",
				);
				IPHONE_OPTIMIZE_OPTIONS = "-skip-PNGs";
				WARNING_CFLAGS = "-Wno-undefined-var-template";
				CODE_SIGN_STYLE = Manual;
				DEAD_CODE_STRIPPING = YES;
				DEVELOPMENT_TEAM = "";
				PROVISIONING_PROFILE_SPECIFIER = "";
				TARGETED_DEVICE_FAMILY = 3;
			};
			name = Release;
		};
		615056E38CCB70BAD5F0005A = {
			isa = XCConfigurationList;
			buildConfigurations = (
				615056E38CCB70BAD5F0006A,
				615056E38CCB70BAD5F0007A,
			);
			defaultConfigurationIsVisible = 0;
			defaultConfigurationName = Release;
		};
		615056E38CCB70BAD5F000CA = {
			isa = XCConfigurationList;
			buildConfigurations = (
				615056E38CCB70BAD5F000DA,
				615056E38CCB70BAD5F000EA,
			);
			defaultConfigurationIsVisible = 0;
			defaultConfigurationName = Release;
		};
	};
	rootObject = 615056E38CCB70BAD5F0004A;
}
