<?xml version="1.0" encoding="UTF-8"?>
<Scheme version = "1.3">
	<LaunchAction
		useCustomWorkingDirectory = "YES"
		customWorkingDirectory = "$(PROJECT_DIR)"
		enableGPUValidationMode = "1">
		<BuildableProductRunnable>
			<BuildableReference
				BuildableIdentifier = "primary"
				BlueprintIdentifier = "66F27CAECC455B151EE000BA"
				BuildableName = "tsParallelRadixSort"
				BlueprintName = "tsParallelRadixSort"
				ReferencedContainer = "container:radix_sort_ios.xcodeproj"/>
		</BuildableProductRunnable>
	</LaunchAction>
</Scheme>
