<?xml version="1.0" encoding="UTF-8"?>
<Scheme version = "1.3">
	<LaunchAction
		useCustomWorkingDirectory = "YES"
		customWorkingDirectory = "$(PROJECT_DIR)"
		enableGPUValidationMode = "1">
		<BuildableProductRunnable>
			<BuildableReference
				BuildableIdentifier = "primary"
				BlueprintIdentifier = "6E0009B2B6DA1D5B8BC000BA"
				BuildableName = "tsPlatformLayers"
				BlueprintName = "tsPlatformLayers"
				ReferencedContainer = "container:layers_ios.xcodeproj"/>
		</BuildableProductRunnable>
	</LaunchAction>
</Scheme>
