<?xml version="1.0" encoding="UTF-8"?>
<Scheme version = "1.3">
	<LaunchAction
		useCustomWorkingDirectory = "YES"
		customWorkingDirectory = "$(PROJECT_DIR)">
		<BuildableProductRunnable>
			<BuildableReference
				BuildableIdentifier = "primary"
				BlueprintIdentifier = "6C22DD3A1829D2D9BCD0009A"
				BuildableName = "main.arm64"
				BlueprintName = "main.arm64"
				ReferencedContainer = "container:numerical.xcodeproj"/>
		</BuildableProductRunnable>
	</LaunchAction>
</Scheme>
